// !$*UTF8*$!
{
	archiveVersion = 1;
	classes = {
	};
	objectVersion = 56;
	objects = {

/* Begin PBXBuildFile section */
		5D06ADFA2B848903007F7E76 /* TrackersPlaceholder.swift in Sources */ = {isa = PBXBuildFile; fileRef = 5D06ADF92B848903007F7E76 /* TrackersPlaceholder.swift */; };
		5D09EC8A2BD295A20092AF86 /* ConvertSchedule.swift in Sources */ = {isa = PBXBuildFile; fileRef = 5D09EC892BD295A20092AF86 /* ConvertSchedule.swift */; };
		5D2110582BE4FAD1000CA701 /* OnboardingView.swift in Sources */ = {isa = PBXBuildFile; fileRef = 5D2110572BE4FAD1000CA701 /* OnboardingView.swift */; };
		5D21105A2BE50349000CA701 /* OnboardingViewController.swift in Sources */ = {isa = PBXBuildFile; fileRef = 5D2110592BE50349000CA701 /* OnboardingViewController.swift */; };
		5D2122012BC51AB200B35D0F /* UIColorMarhalling.swift in Sources */ = {isa = PBXBuildFile; fileRef = 5D2122002BC51AB200B35D0F /* UIColorMarhalling.swift */; };
		5D2510312B1F3EC300A800DF /* Tracker.swift in Sources */ = {isa = PBXBuildFile; fileRef = 5D2510302B1F3EC300A800DF /* Tracker.swift */; };
		5D2510332B1F3F6500A800DF /* TrackerCategory.swift in Sources */ = {isa = PBXBuildFile; fileRef = 5D2510322B1F3F6400A800DF /* TrackerCategory.swift */; };
		5D2510362B1F402D00A800DF /* TrackerRecord.swift in Sources */ = {isa = PBXBuildFile; fileRef = 5D2510352B1F402D00A800DF /* TrackerRecord.swift */; };
		5D33AD462BD9666A00C175F9 /* CategoryDataProvider.swift in Sources */ = {isa = PBXBuildFile; fileRef = 5D33AD452BD9666A00C175F9 /* CategoryDataProvider.swift */; };
		5D33AD492BDB773000C175F9 /* TrackerDataProvider.swift in Sources */ = {isa = PBXBuildFile; fileRef = 5D33AD482BDB773000C175F9 /* TrackerDataProvider.swift */; };
		5D33AD4B2BDCEBFF00C175F9 /* RecordDataProvider.swift in Sources */ = {isa = PBXBuildFile; fileRef = 5D33AD4A2BDCEBFF00C175F9 /* RecordDataProvider.swift */; };
		5D33B10B2BEB42E100D709E9 /* CategoryViewModel.swift in Sources */ = {isa = PBXBuildFile; fileRef = 5D33B10A2BEB42E100D709E9 /* CategoryViewModel.swift */; };
		5D33B10D2BEB442200D709E9 /* Observable.swift in Sources */ = {isa = PBXBuildFile; fileRef = 5D33B10C2BEB442200D709E9 /* Observable.swift */; };
		5D4061152B999EF10033DEAA /* GeometricParams.swift in Sources */ = {isa = PBXBuildFile; fileRef = 5D4061142B999EF10033DEAA /* GeometricParams.swift */; };
		5D4061172B99AB850033DEAA /* MokData.swift in Sources */ = {isa = PBXBuildFile; fileRef = 5D4061162B99AB850033DEAA /* MokData.swift */; };
		5D49FE2A2B6E32D0000D0FE0 /* ScheduleViewController.swift in Sources */ = {isa = PBXBuildFile; fileRef = 5D49FE292B6E32D0000D0FE0 /* ScheduleViewController.swift */; };
		5D49FE2C2B7122A1000D0FE0 /* NewTracker.swift in Sources */ = {isa = PBXBuildFile; fileRef = 5D49FE2B2B7122A1000D0FE0 /* NewTracker.swift */; };
		5D49FE2E2B722473000D0FE0 /* CategoryViewController.swift in Sources */ = {isa = PBXBuildFile; fileRef = 5D49FE2D2B722473000D0FE0 /* CategoryViewController.swift */; };
		5D49FE302B7236C0000D0FE0 /* ScheduleTabelViewCell.swift in Sources */ = {isa = PBXBuildFile; fileRef = 5D49FE2F2B7236C0000D0FE0 /* ScheduleTabelViewCell.swift */; };
		5D49FE322B72683D000D0FE0 /* WeekDays.swift in Sources */ = {isa = PBXBuildFile; fileRef = 5D49FE312B72683D000D0FE0 /* WeekDays.swift */; };
		5D49FE352B73AAA4000D0FE0 /* TrackerCollectionViewCell.swift in Sources */ = {isa = PBXBuildFile; fileRef = 5D49FE342B73AAA4000D0FE0 /* TrackerCollectionViewCell.swift */; };
		5D49FE372B750DC5000D0FE0 /* TrackerHeaderCollectionView.swift in Sources */ = {isa = PBXBuildFile; fileRef = 5D49FE362B750DC5000D0FE0 /* TrackerHeaderCollectionView.swift */; };
		5D54B2312BC2DDCD0073AC20 /* TrackerStore.swift in Sources */ = {isa = PBXBuildFile; fileRef = 5D54B2302BC2DDCD0073AC20 /* TrackerStore.swift */; };
		5D54B2332BC2DDFB0073AC20 /* TrackerCategoryStore.swift in Sources */ = {isa = PBXBuildFile; fileRef = 5D54B2322BC2DDFB0073AC20 /* TrackerCategoryStore.swift */; };
		5D54B2352BC2DE0C0073AC20 /* TrackerRecordStore.swift in Sources */ = {isa = PBXBuildFile; fileRef = 5D54B2342BC2DE0C0073AC20 /* TrackerRecordStore.swift */; };
		5D5549F42B2447B100136642 /* AddTrackerViewController.swift in Sources */ = {isa = PBXBuildFile; fileRef = 5D5549F32B2447B100136642 /* AddTrackerViewController.swift */; };
		5D5549F62B24760700136642 /* NewTrackerViewController.swift in Sources */ = {isa = PBXBuildFile; fileRef = 5D5549F52B24760700136642 /* NewTrackerViewController.swift */; };
		5D5549FA2B24988200136642 /* NewTrackerTabelViewCell.swift in Sources */ = {isa = PBXBuildFile; fileRef = 5D5549F92B24988200136642 /* NewTrackerTabelViewCell.swift */; };
		5D7AC0CA2BA9D2BA00D9D41E /* Schedule.swift in Sources */ = {isa = PBXBuildFile; fileRef = 5D7AC0C92BA9D2BA00D9D41E /* Schedule.swift */; };
		5D89B5322BB2BD8700EC3B6D /* CategoryTabelViewCell.swift in Sources */ = {isa = PBXBuildFile; fileRef = 5D89B5312BB2BD8700EC3B6D /* CategoryTabelViewCell.swift */; };
		5D89B5342BB2C91800EC3B6D /* AddCategoryViewController.swift in Sources */ = {isa = PBXBuildFile; fileRef = 5D89B5332BB2C91700EC3B6D /* AddCategoryViewController.swift */; };
		5D89B5362BBE871600EC3B6D /* NewTrackerCollectionViewCell.swift in Sources */ = {isa = PBXBuildFile; fileRef = 5D89B5352BBE871600EC3B6D /* NewTrackerCollectionViewCell.swift */; };
		5D89B53A2BBEC92000EC3B6D /* TrackerProperties.swift in Sources */ = {isa = PBXBuildFile; fileRef = 5D89B5392BBEC92000EC3B6D /* TrackerProperties.swift */; };
		5D89B5622BC1405500EC3B6D /* Tracker.xcdatamodeld in Sources */ = {isa = PBXBuildFile; fileRef = 5D89B5602BC1405500EC3B6D /* Tracker.xcdatamodeld */; };
		5D9127B92B2B1E1C001205D2 /* TextField.swift in Sources */ = {isa = PBXBuildFile; fileRef = 5D9127B82B2B1E1C001205D2 /* TextField.swift */; };
		5D9127BB2B2B2A82001205D2 /* BlackButton.swift in Sources */ = {isa = PBXBuildFile; fileRef = 5D9127BA2B2B2A82001205D2 /* BlackButton.swift */; };
		5D9127BF2B2B4529001205D2 /* CancelButton.swift in Sources */ = {isa = PBXBuildFile; fileRef = 5D9127BE2B2B4529001205D2 /* CancelButton.swift */; };
		5DBED5F92BEE04A100FAB07A /* Constants.swift in Sources */ = {isa = PBXBuildFile; fileRef = 5DBED5F82BEE04A100FAB07A /* Constants.swift */; };
		5DC615B72B2C550A00F86E27 /* CreateButton.swift in Sources */ = {isa = PBXBuildFile; fileRef = 5DC615B62B2C550A00F86E27 /* CreateButton.swift */; };
		5DE853C02B146F400004750C /* AppDelegate.swift in Sources */ = {isa = PBXBuildFile; fileRef = 5DE853BF2B146F400004750C /* AppDelegate.swift */; };
		5DE853C22B146F400004750C /* SceneDelegate.swift in Sources */ = {isa = PBXBuildFile; fileRef = 5DE853C12B146F400004750C /* SceneDelegate.swift */; };
		5DE853C92B146F420004750C /* Assets.xcassets in Resources */ = {isa = PBXBuildFile; fileRef = 5DE853C82B146F420004750C /* Assets.xcassets */; };
		5DE853CC2B146F420004750C /* LaunchScreen.storyboard in Resources */ = {isa = PBXBuildFile; fileRef = 5DE853CA2B146F420004750C /* LaunchScreen.storyboard */; };
		5DE853D52B1488860004750C /* UIColor.swift in Sources */ = {isa = PBXBuildFile; fileRef = 5DE853D42B1488860004750C /* UIColor.swift */; };
		5DE853D72B14D3C40004750C /* TrackersViewController.swift in Sources */ = {isa = PBXBuildFile; fileRef = 5DE853D62B14D3C40004750C /* TrackersViewController.swift */; };
		5DE853D92B175C8D0004750C /* TabBarController.swift in Sources */ = {isa = PBXBuildFile; fileRef = 5DE853D82B175C8D0004750C /* TabBarController.swift */; };
		5DE853DB2B175E500004750C /* StatsViewController.swift in Sources */ = {isa = PBXBuildFile; fileRef = 5DE853DA2B175E500004750C /* StatsViewController.swift */; };
/* End PBXBuildFile section */

/* Begin PBXFileReference section */
		5D06ADF92B848903007F7E76 /* TrackersPlaceholder.swift */ = {isa = PBXFileReference; lastKnownFileType = sourcecode.swift; path = TrackersPlaceholder.swift; sourceTree = "<group>"; };
		5D09EC892BD295A20092AF86 /* ConvertSchedule.swift */ = {isa = PBXFileReference; lastKnownFileType = sourcecode.swift; path = ConvertSchedule.swift; sourceTree = "<group>"; };
		5D2110572BE4FAD1000CA701 /* OnboardingView.swift */ = {isa = PBXFileReference; lastKnownFileType = sourcecode.swift; path = OnboardingView.swift; sourceTree = "<group>"; };
		5D2110592BE50349000CA701 /* OnboardingViewController.swift */ = {isa = PBXFileReference; lastKnownFileType = sourcecode.swift; path = OnboardingViewController.swift; sourceTree = "<group>"; };
		5D2122002BC51AB200B35D0F /* UIColorMarhalling.swift */ = {isa = PBXFileReference; lastKnownFileType = sourcecode.swift; path = UIColorMarhalling.swift; sourceTree = "<group>"; };
		5D2510302B1F3EC300A800DF /* Tracker.swift */ = {isa = PBXFileReference; lastKnownFileType = sourcecode.swift; path = Tracker.swift; sourceTree = "<group>"; };
		5D2510322B1F3F6400A800DF /* TrackerCategory.swift */ = {isa = PBXFileReference; lastKnownFileType = sourcecode.swift; path = TrackerCategory.swift; sourceTree = "<group>"; };
		5D2510352B1F402D00A800DF /* TrackerRecord.swift */ = {isa = PBXFileReference; lastKnownFileType = sourcecode.swift; path = TrackerRecord.swift; sourceTree = "<group>"; };
		5D33AD452BD9666A00C175F9 /* CategoryDataProvider.swift */ = {isa = PBXFileReference; lastKnownFileType = sourcecode.swift; path = CategoryDataProvider.swift; sourceTree = "<group>"; };
		5D33AD482BDB773000C175F9 /* TrackerDataProvider.swift */ = {isa = PBXFileReference; lastKnownFileType = sourcecode.swift; path = TrackerDataProvider.swift; sourceTree = "<group>"; };
		5D33AD4A2BDCEBFF00C175F9 /* RecordDataProvider.swift */ = {isa = PBXFileReference; lastKnownFileType = sourcecode.swift; path = RecordDataProvider.swift; sourceTree = "<group>"; };
		5D33B10A2BEB42E100D709E9 /* CategoryViewModel.swift */ = {isa = PBXFileReference; lastKnownFileType = sourcecode.swift; path = CategoryViewModel.swift; sourceTree = "<group>"; };
		5D33B10C2BEB442200D709E9 /* Observable.swift */ = {isa = PBXFileReference; lastKnownFileType = sourcecode.swift; path = Observable.swift; sourceTree = "<group>"; };
		5D4061142B999EF10033DEAA /* GeometricParams.swift */ = {isa = PBXFileReference; lastKnownFileType = sourcecode.swift; path = GeometricParams.swift; sourceTree = "<group>"; };
		5D4061162B99AB850033DEAA /* MokData.swift */ = {isa = PBXFileReference; lastKnownFileType = sourcecode.swift; path = MokData.swift; sourceTree = "<group>"; };
		5D49FE292B6E32D0000D0FE0 /* ScheduleViewController.swift */ = {isa = PBXFileReference; lastKnownFileType = sourcecode.swift; path = ScheduleViewController.swift; sourceTree = "<group>"; };
		5D49FE2B2B7122A1000D0FE0 /* NewTracker.swift */ = {isa = PBXFileReference; lastKnownFileType = sourcecode.swift; path = NewTracker.swift; sourceTree = "<group>"; };
		5D49FE2D2B722473000D0FE0 /* CategoryViewController.swift */ = {isa = PBXFileReference; lastKnownFileType = sourcecode.swift; path = CategoryViewController.swift; sourceTree = "<group>"; };
		5D49FE2F2B7236C0000D0FE0 /* ScheduleTabelViewCell.swift */ = {isa = PBXFileReference; lastKnownFileType = sourcecode.swift; path = ScheduleTabelViewCell.swift; sourceTree = "<group>"; };
		5D49FE312B72683D000D0FE0 /* WeekDays.swift */ = {isa = PBXFileReference; lastKnownFileType = sourcecode.swift; path = WeekDays.swift; sourceTree = "<group>"; };
		5D49FE342B73AAA4000D0FE0 /* TrackerCollectionViewCell.swift */ = {isa = PBXFileReference; lastKnownFileType = sourcecode.swift; path = TrackerCollectionViewCell.swift; sourceTree = "<group>"; };
		5D49FE362B750DC5000D0FE0 /* TrackerHeaderCollectionView.swift */ = {isa = PBXFileReference; lastKnownFileType = sourcecode.swift; path = TrackerHeaderCollectionView.swift; sourceTree = "<group>"; };
		5D54B2302BC2DDCD0073AC20 /* TrackerStore.swift */ = {isa = PBXFileReference; lastKnownFileType = sourcecode.swift; path = TrackerStore.swift; sourceTree = "<group>"; };
		5D54B2322BC2DDFB0073AC20 /* TrackerCategoryStore.swift */ = {isa = PBXFileReference; lastKnownFileType = sourcecode.swift; path = TrackerCategoryStore.swift; sourceTree = "<group>"; };
		5D54B2342BC2DE0C0073AC20 /* TrackerRecordStore.swift */ = {isa = PBXFileReference; lastKnownFileType = sourcecode.swift; path = TrackerRecordStore.swift; sourceTree = "<group>"; };
		5D5549F32B2447B100136642 /* AddTrackerViewController.swift */ = {isa = PBXFileReference; lastKnownFileType = sourcecode.swift; path = AddTrackerViewController.swift; sourceTree = "<group>"; };
		5D5549F52B24760700136642 /* NewTrackerViewController.swift */ = {isa = PBXFileReference; lastKnownFileType = sourcecode.swift; path = NewTrackerViewController.swift; sourceTree = "<group>"; };
		5D5549F92B24988200136642 /* NewTrackerTabelViewCell.swift */ = {isa = PBXFileReference; lastKnownFileType = sourcecode.swift; path = NewTrackerTabelViewCell.swift; sourceTree = "<group>"; };
		5D7AC0C92BA9D2BA00D9D41E /* Schedule.swift */ = {isa = PBXFileReference; lastKnownFileType = sourcecode.swift; path = Schedule.swift; sourceTree = "<group>"; };
		5D89B5312BB2BD8700EC3B6D /* CategoryTabelViewCell.swift */ = {isa = PBXFileReference; lastKnownFileType = sourcecode.swift; path = CategoryTabelViewCell.swift; sourceTree = "<group>"; };
		5D89B5332BB2C91700EC3B6D /* AddCategoryViewController.swift */ = {isa = PBXFileReference; lastKnownFileType = sourcecode.swift; path = AddCategoryViewController.swift; sourceTree = "<group>"; };
		5D89B5352BBE871600EC3B6D /* NewTrackerCollectionViewCell.swift */ = {isa = PBXFileReference; lastKnownFileType = sourcecode.swift; path = NewTrackerCollectionViewCell.swift; sourceTree = "<group>"; };
		5D89B5392BBEC92000EC3B6D /* TrackerProperties.swift */ = {isa = PBXFileReference; lastKnownFileType = sourcecode.swift; path = TrackerProperties.swift; sourceTree = "<group>"; };
		5D89B5612BC1405500EC3B6D /* Tracker.xcdatamodel */ = {isa = PBXFileReference; lastKnownFileType = wrapper.xcdatamodel; path = Tracker.xcdatamodel; sourceTree = "<group>"; };
		5D9127B82B2B1E1C001205D2 /* TextField.swift */ = {isa = PBXFileReference; lastKnownFileType = sourcecode.swift; path = TextField.swift; sourceTree = "<group>"; };
		5D9127BA2B2B2A82001205D2 /* BlackButton.swift */ = {isa = PBXFileReference; lastKnownFileType = sourcecode.swift; path = BlackButton.swift; sourceTree = "<group>"; };
		5D9127BE2B2B4529001205D2 /* CancelButton.swift */ = {isa = PBXFileReference; lastKnownFileType = sourcecode.swift; path = CancelButton.swift; sourceTree = "<group>"; };
		5DBED5F82BEE04A100FAB07A /* Constants.swift */ = {isa = PBXFileReference; lastKnownFileType = sourcecode.swift; path = Constants.swift; sourceTree = "<group>"; };
		5DC615B62B2C550A00F86E27 /* CreateButton.swift */ = {isa = PBXFileReference; lastKnownFileType = sourcecode.swift; path = CreateButton.swift; sourceTree = "<group>"; };
		5DE853BC2B146F400004750C /* Tracker.app */ = {isa = PBXFileReference; explicitFileType = wrapper.application; includeInIndex = 0; path = Tracker.app; sourceTree = BUILT_PRODUCTS_DIR; };
		5DE853BF2B146F400004750C /* AppDelegate.swift */ = {isa = PBXFileReference; lastKnownFileType = sourcecode.swift; path = AppDelegate.swift; sourceTree = "<group>"; };
		5DE853C12B146F400004750C /* SceneDelegate.swift */ = {isa = PBXFileReference; lastKnownFileType = sourcecode.swift; path = SceneDelegate.swift; sourceTree = "<group>"; };
		5DE853C82B146F420004750C /* Assets.xcassets */ = {isa = PBXFileReference; lastKnownFileType = folder.assetcatalog; path = Assets.xcassets; sourceTree = "<group>"; };
		5DE853CB2B146F420004750C /* Base */ = {isa = PBXFileReference; lastKnownFileType = file.storyboard; name = Base; path = Base.lproj/LaunchScreen.storyboard; sourceTree = "<group>"; };
		5DE853CD2B146F420004750C /* Info.plist */ = {isa = PBXFileReference; lastKnownFileType = text.plist.xml; path = Info.plist; sourceTree = "<group>"; };
		5DE853D42B1488860004750C /* UIColor.swift */ = {isa = PBXFileReference; lastKnownFileType = sourcecode.swift; path = UIColor.swift; sourceTree = "<group>"; };
		5DE853D62B14D3C40004750C /* TrackersViewController.swift */ = {isa = PBXFileReference; lastKnownFileType = sourcecode.swift; path = TrackersViewController.swift; sourceTree = "<group>"; };
		5DE853D82B175C8D0004750C /* TabBarController.swift */ = {isa = PBXFileReference; lastKnownFileType = sourcecode.swift; path = TabBarController.swift; sourceTree = "<group>"; };
		5DE853DA2B175E500004750C /* StatsViewController.swift */ = {isa = PBXFileReference; lastKnownFileType = sourcecode.swift; path = StatsViewController.swift; sourceTree = "<group>"; };
/* End PBXFileReference section */

/* Begin PBXFrameworksBuildPhase section */
		5DE853B92B146F400004750C /* Frameworks */ = {
			isa = PBXFrameworksBuildPhase;
			buildActionMask = 2147483647;
			files = (
			);
			runOnlyForDeploymentPostprocessing = 0;
		};
/* End PBXFrameworksBuildPhase section */

/* Begin PBXGroup section */
		5D25102F2B1F3EB200A800DF /* Models */ = {
			isa = PBXGroup;
			children = (
				5D2510302B1F3EC300A800DF /* Tracker.swift */,
				5D2510322B1F3F6400A800DF /* TrackerCategory.swift */,
				5D2510352B1F402D00A800DF /* TrackerRecord.swift */,
				5D49FE2B2B7122A1000D0FE0 /* NewTracker.swift */,
				5D49FE312B72683D000D0FE0 /* WeekDays.swift */,
				5D7AC0C92BA9D2BA00D9D41E /* Schedule.swift */,
			);
			path = Models;
			sourceTree = "<group>";
		};
		5D33AD472BDB770E00C175F9 /* DataProvider */ = {
			isa = PBXGroup;
			children = (
				5D33AD452BD9666A00C175F9 /* CategoryDataProvider.swift */,
				5D33AD482BDB773000C175F9 /* TrackerDataProvider.swift */,
				5D33AD4A2BDCEBFF00C175F9 /* RecordDataProvider.swift */,
			);
			path = DataProvider;
			sourceTree = "<group>";
		};
		5D54B22F2BC2DDB50073AC20 /* Store */ = {
			isa = PBXGroup;
			children = (
				5D54B2302BC2DDCD0073AC20 /* TrackerStore.swift */,
				5D54B2322BC2DDFB0073AC20 /* TrackerCategoryStore.swift */,
				5D54B2342BC2DE0C0073AC20 /* TrackerRecordStore.swift */,
			);
			path = Store;
			sourceTree = "<group>";
		};
		5D5E33752BEDE0A900183945 /* Modules */ = {
			isa = PBXGroup;
			children = (
				5D5E33762BEDE0D300183945 /* Onboarding */,
				5D5E337A2BEDE1F000183945 /* Trackers */,
				5D5E337B2BEDE20F00183945 /* Statistics */,
				5D5E33792BEDE1A200183945 /* CreateNewTracker */,
				5D5E33772BEDE11200183945 /* Category */,
				5D5E33782BEDE15B00183945 /* Schedule */,
			);
			path = Modules;
			sourceTree = "<group>";
		};
		5D5E33762BEDE0D300183945 /* Onboarding */ = {
			isa = PBXGroup;
			children = (
				5D2110592BE50349000CA701 /* OnboardingViewController.swift */,
				5D2110572BE4FAD1000CA701 /* OnboardingView.swift */,
			);
			path = Onboarding;
			sourceTree = "<group>";
		};
		5D5E33772BEDE11200183945 /* Category */ = {
			isa = PBXGroup;
			children = (
				5D49FE2D2B722473000D0FE0 /* CategoryViewController.swift */,
				5D33B10A2BEB42E100D709E9 /* CategoryViewModel.swift */,
				5D89B5312BB2BD8700EC3B6D /* CategoryTabelViewCell.swift */,
				5D89B5332BB2C91700EC3B6D /* AddCategoryViewController.swift */,
			);
			path = Category;
			sourceTree = "<group>";
		};
		5D5E33782BEDE15B00183945 /* Schedule */ = {
			isa = PBXGroup;
			children = (
				5D49FE292B6E32D0000D0FE0 /* ScheduleViewController.swift */,
				5D49FE2F2B7236C0000D0FE0 /* ScheduleTabelViewCell.swift */,
			);
			path = Schedule;
			sourceTree = "<group>";
		};
		5D5E33792BEDE1A200183945 /* CreateNewTracker */ = {
			isa = PBXGroup;
			children = (
				5D5549F32B2447B100136642 /* AddTrackerViewController.swift */,
				5D5549F52B24760700136642 /* NewTrackerViewController.swift */,
				5D5549F92B24988200136642 /* NewTrackerTabelViewCell.swift */,
				5D89B5352BBE871600EC3B6D /* NewTrackerCollectionViewCell.swift */,
			);
			path = CreateNewTracker;
			sourceTree = "<group>";
		};
		5D5E337A2BEDE1F000183945 /* Trackers */ = {
			isa = PBXGroup;
			children = (
				5DE853D62B14D3C40004750C /* TrackersViewController.swift */,
				5D49FE342B73AAA4000D0FE0 /* TrackerCollectionViewCell.swift */,
				5D49FE362B750DC5000D0FE0 /* TrackerHeaderCollectionView.swift */,
			);
			path = Trackers;
			sourceTree = "<group>";
		};
		5D5E337B2BEDE20F00183945 /* Statistics */ = {
			isa = PBXGroup;
			children = (
				5DE853DA2B175E500004750C /* StatsViewController.swift */,
			);
			path = Statistics;
			sourceTree = "<group>";
		};
		5D5E337C2BEDE25F00183945 /* Application */ = {
			isa = PBXGroup;
			children = (
				5DE853BF2B146F400004750C /* AppDelegate.swift */,
				5DE853C12B146F400004750C /* SceneDelegate.swift */,
			);
			path = Application;
			sourceTree = "<group>";
		};
		5D5E337D2BEDE27200183945 /* Supporting Files */ = {
			isa = PBXGroup;
			children = (
				5DE853CD2B146F420004750C /* Info.plist */,
				5DE853C82B146F420004750C /* Assets.xcassets */,
				5DE853CA2B146F420004750C /* LaunchScreen.storyboard */,
			);
			path = "Supporting Files";
			sourceTree = "<group>";
		};
		5D89B55F2BC1403A00EC3B6D /* CoreData */ = {
			isa = PBXGroup;
			children = (
				5D89B5602BC1405500EC3B6D /* Tracker.xcdatamodeld */,
				5D33AD472BDB770E00C175F9 /* DataProvider */,
				5D54B22F2BC2DDB50073AC20 /* Store */,
			);
			path = CoreData;
			sourceTree = "<group>";
		};
		5D9127BC2B2B3343001205D2 /* Interface */ = {
			isa = PBXGroup;
			children = (
				5DE853D82B175C8D0004750C /* TabBarController.swift */,
				5D9127B82B2B1E1C001205D2 /* TextField.swift */,
				5D9127BA2B2B2A82001205D2 /* BlackButton.swift */,
				5D9127BE2B2B4529001205D2 /* CancelButton.swift */,
				5DC615B62B2C550A00F86E27 /* CreateButton.swift */,
				5D06ADF92B848903007F7E76 /* TrackersPlaceholder.swift */,
			);
			path = Interface;
			sourceTree = "<group>";
		};
		5DE853B32B146F400004750C = {
			isa = PBXGroup;
			children = (
				5DE853BE2B146F400004750C /* Tracker */,
				5DE853BD2B146F400004750C /* Products */,
			);
			sourceTree = "<group>";
		};
		5DE853BD2B146F400004750C /* Products */ = {
			isa = PBXGroup;
			children = (
				5DE853BC2B146F400004750C /* Tracker.app */,
			);
			name = Products;
			sourceTree = "<group>";
		};
		5DE853BE2B146F400004750C /* Tracker */ = {
			isa = PBXGroup;
			children = (
				5D5E337C2BEDE25F00183945 /* Application */,
				5D5E33752BEDE0A900183945 /* Modules */,
				5D25102F2B1F3EB200A800DF /* Models */,
				5D9127BC2B2B3343001205D2 /* Interface */,
				5D89B55F2BC1403A00EC3B6D /* CoreData */,
				5DE853D32B1488730004750C /* Helper */,
				5D5E337D2BEDE27200183945 /* Supporting Files */,
			);
			path = Tracker;
			sourceTree = "<group>";
		};
		5DE853D32B1488730004750C /* Helper */ = {
			isa = PBXGroup;
			children = (
				5DE853D42B1488860004750C /* UIColor.swift */,
				5D4061142B999EF10033DEAA /* GeometricParams.swift */,
				5D4061162B99AB850033DEAA /* MokData.swift */,
				5D89B5392BBEC92000EC3B6D /* TrackerProperties.swift */,
				5D2122002BC51AB200B35D0F /* UIColorMarhalling.swift */,
				5D09EC892BD295A20092AF86 /* ConvertSchedule.swift */,
				5D33B10C2BEB442200D709E9 /* Observable.swift */,
				5DBED5F82BEE04A100FAB07A /* Constants.swift */,
			);
			path = Helper;
			sourceTree = "<group>";
		};
/* End PBXGroup section */

/* Begin PBXNativeTarget section */
		5DE853BB2B146F400004750C /* Tracker */ = {
			isa = PBXNativeTarget;
			buildConfigurationList = 5DE853D02B146F420004750C /* Build configuration list for PBXNativeTarget "Tracker" */;
			buildPhases = (
				5DE853B82B146F400004750C /* Sources */,
				5DE853B92B146F400004750C /* Frameworks */,
				5DE853BA2B146F400004750C /* Resources */,
			);
			buildRules = (
			);
			dependencies = (
			);
			name = Tracker;
			productName = Tracker;
			productReference = 5DE853BC2B146F400004750C /* Tracker.app */;
			productType = "com.apple.product-type.application";
		};
/* End PBXNativeTarget section */

/* Begin PBXProject section */
		5DE853B42B146F400004750C /* Project object */ = {
			isa = PBXProject;
			attributes = {
				BuildIndependentTargetsInParallel = 1;
				LastSwiftUpdateCheck = 1500;
				LastUpgradeCheck = 1500;
				TargetAttributes = {
					5DE853BB2B146F400004750C = {
						CreatedOnToolsVersion = 15.0.1;
					};
				};
			};
			buildConfigurationList = 5DE853B72B146F400004750C /* Build configuration list for PBXProject "Tracker" */;
			compatibilityVersion = "Xcode 14.0";
			developmentRegion = en;
			hasScannedForEncodings = 0;
			knownRegions = (
				en,
				Base,
			);
			mainGroup = 5DE853B32B146F400004750C;
			productRefGroup = 5DE853BD2B146F400004750C /* Products */;
			projectDirPath = "";
			projectRoot = "";
			targets = (
				5DE853BB2B146F400004750C /* Tracker */,
			);
		};
/* End PBXProject section */

/* Begin PBXResourcesBuildPhase section */
		5DE853BA2B146F400004750C /* Resources */ = {
			isa = PBXResourcesBuildPhase;
			buildActionMask = 2147483647;
			files = (
				5DE853CC2B146F420004750C /* LaunchScreen.storyboard in Resources */,
				5DE853C92B146F420004750C /* Assets.xcassets in Resources */,
			);
			runOnlyForDeploymentPostprocessing = 0;
		};
/* End PBXResourcesBuildPhase section */

/* Begin PBXSourcesBuildPhase section */
		5DE853B82B146F400004750C /* Sources */ = {
			isa = PBXSourcesBuildPhase;
			buildActionMask = 2147483647;
			files = (
				5D33B10D2BEB442200D709E9 /* Observable.swift in Sources */,
				5D7AC0CA2BA9D2BA00D9D41E /* Schedule.swift in Sources */,
				5D89B53A2BBEC92000EC3B6D /* TrackerProperties.swift in Sources */,
				5DE853D72B14D3C40004750C /* TrackersViewController.swift in Sources */,
				5DE853D52B1488860004750C /* UIColor.swift in Sources */,
				5D54B2332BC2DDFB0073AC20 /* TrackerCategoryStore.swift in Sources */,
				5D9127B92B2B1E1C001205D2 /* TextField.swift in Sources */,
				5D2510362B1F402D00A800DF /* TrackerRecord.swift in Sources */,
				5D2110582BE4FAD1000CA701 /* OnboardingView.swift in Sources */,
				5D2510312B1F3EC300A800DF /* Tracker.swift in Sources */,
				5D5549FA2B24988200136642 /* NewTrackerTabelViewCell.swift in Sources */,
				5D49FE372B750DC5000D0FE0 /* TrackerHeaderCollectionView.swift in Sources */,
				5D2510332B1F3F6500A800DF /* TrackerCategory.swift in Sources */,
				5D5549F62B24760700136642 /* NewTrackerViewController.swift in Sources */,
				5D49FE2C2B7122A1000D0FE0 /* NewTracker.swift in Sources */,
				5DE853C02B146F400004750C /* AppDelegate.swift in Sources */,
				5D2122012BC51AB200B35D0F /* UIColorMarhalling.swift in Sources */,
				5D49FE2A2B6E32D0000D0FE0 /* ScheduleViewController.swift in Sources */,
				5D09EC8A2BD295A20092AF86 /* ConvertSchedule.swift in Sources */,
				5D49FE322B72683D000D0FE0 /* WeekDays.swift in Sources */,
				5D89B5362BBE871600EC3B6D /* NewTrackerCollectionViewCell.swift in Sources */,
				5D49FE352B73AAA4000D0FE0 /* TrackerCollectionViewCell.swift in Sources */,
				5D54B2312BC2DDCD0073AC20 /* TrackerStore.swift in Sources */,
				5DC615B72B2C550A00F86E27 /* CreateButton.swift in Sources */,
				5D9127BF2B2B4529001205D2 /* CancelButton.swift in Sources */,
				5D33B10B2BEB42E100D709E9 /* CategoryViewModel.swift in Sources */,
				5D33AD4B2BDCEBFF00C175F9 /* RecordDataProvider.swift in Sources */,
				5D21105A2BE50349000CA701 /* OnboardingViewController.swift in Sources */,
				5D5549F42B2447B100136642 /* AddTrackerViewController.swift in Sources */,
				5D49FE302B7236C0000D0FE0 /* ScheduleTabelViewCell.swift in Sources */,
				5D49FE2E2B722473000D0FE0 /* CategoryViewController.swift in Sources */,
				5D33AD462BD9666A00C175F9 /* CategoryDataProvider.swift in Sources */,
				5DE853D92B175C8D0004750C /* TabBarController.swift in Sources */,
				5DE853DB2B175E500004750C /* StatsViewController.swift in Sources */,
				5D89B5622BC1405500EC3B6D /* Tracker.xcdatamodeld in Sources */,
				5DBED5F92BEE04A100FAB07A /* Constants.swift in Sources */,
				5D89B5342BB2C91800EC3B6D /* AddCategoryViewController.swift in Sources */,
				5DE853C22B146F400004750C /* SceneDelegate.swift in Sources */,
				5D4061152B999EF10033DEAA /* GeometricParams.swift in Sources */,
				5D54B2352BC2DE0C0073AC20 /* TrackerRecordStore.swift in Sources */,
				5D33AD492BDB773000C175F9 /* TrackerDataProvider.swift in Sources */,
				5D4061172B99AB850033DEAA /* MokData.swift in Sources */,
				5D9127BB2B2B2A82001205D2 /* BlackButton.swift in Sources */,
				5D06ADFA2B848903007F7E76 /* TrackersPlaceholder.swift in Sources */,
				5D89B5322BB2BD8700EC3B6D /* CategoryTabelViewCell.swift in Sources */,
			);
			runOnlyForDeploymentPostprocessing = 0;
		};
/* End PBXSourcesBuildPhase section */

/* Begin PBXVariantGroup section */
		5DE853CA2B146F420004750C /* LaunchScreen.storyboard */ = {
			isa = PBXVariantGroup;
			children = (
				5DE853CB2B146F420004750C /* Base */,
			);
			name = LaunchScreen.storyboard;
			sourceTree = "<group>";
		};
/* End PBXVariantGroup section */

/* Begin XCBuildConfiguration section */
		5DE853CE2B146F420004750C /* Debug */ = {
			isa = XCBuildConfiguration;
			buildSettings = {
				ALWAYS_SEARCH_USER_PATHS = NO;
				ASSETCATALOG_COMPILER_GENERATE_SWIFT_ASSET_SYMBOL_EXTENSIONS = YES;
				CLANG_ANALYZER_NONNULL = YES;
				CLANG_ANALYZER_NUMBER_OBJECT_CONVERSION = YES_AGGRESSIVE;
				CLANG_CXX_LANGUAGE_STANDARD = "gnu++20";
				CLANG_ENABLE_MODULES = YES;
				CLANG_ENABLE_OBJC_ARC = YES;
				CLANG_ENABLE_OBJC_WEAK = YES;
				CLANG_WARN_BLOCK_CAPTURE_AUTORELEASING = YES;
				CLANG_WARN_BOOL_CONVERSION = YES;
				CLANG_WARN_COMMA = YES;
				CLANG_WARN_CONSTANT_CONVERSION = YES;
				CLANG_WARN_DEPRECATED_OBJC_IMPLEMENTATIONS = YES;
				CLANG_WARN_DIRECT_OBJC_ISA_USAGE = YES_ERROR;
				CLANG_WARN_DOCUMENTATION_COMMENTS = YES;
				CLANG_WARN_EMPTY_BODY = YES;
				CLANG_WARN_ENUM_CONVERSION = YES;
				CLANG_WARN_INFINITE_RECURSION = YES;
				CLANG_WARN_INT_CONVERSION = YES;
				CLANG_WARN_NON_LITERAL_NULL_CONVERSION = YES;
				CLANG_WARN_OBJC_IMPLICIT_RETAIN_SELF = YES;
				CLANG_WARN_OBJC_LITERAL_CONVERSION = YES;
				CLANG_WARN_OBJC_ROOT_CLASS = YES_ERROR;
				CLANG_WARN_QUOTED_INCLUDE_IN_FRAMEWORK_HEADER = YES;
				CLANG_WARN_RANGE_LOOP_ANALYSIS = YES;
				CLANG_WARN_STRICT_PROTOTYPES = YES;
				CLANG_WARN_SUSPICIOUS_MOVE = YES;
				CLANG_WARN_UNGUARDED_AVAILABILITY = YES_AGGRESSIVE;
				CLANG_WARN_UNREACHABLE_CODE = YES;
				CLANG_WARN__DUPLICATE_METHOD_MATCH = YES;
				COPY_PHASE_STRIP = NO;
				DEBUG_INFORMATION_FORMAT = dwarf;
				ENABLE_STRICT_OBJC_MSGSEND = YES;
				ENABLE_TESTABILITY = YES;
				ENABLE_USER_SCRIPT_SANDBOXING = YES;
				GCC_C_LANGUAGE_STANDARD = gnu17;
				GCC_DYNAMIC_NO_PIC = NO;
				GCC_NO_COMMON_BLOCKS = YES;
				GCC_OPTIMIZATION_LEVEL = 0;
				GCC_PREPROCESSOR_DEFINITIONS = (
					"DEBUG=1",
					"$(inherited)",
				);
				GCC_WARN_64_TO_32_BIT_CONVERSION = YES;
				GCC_WARN_ABOUT_RETURN_TYPE = YES_ERROR;
				GCC_WARN_UNDECLARED_SELECTOR = YES;
				GCC_WARN_UNINITIALIZED_AUTOS = YES_AGGRESSIVE;
				GCC_WARN_UNUSED_FUNCTION = YES;
				GCC_WARN_UNUSED_VARIABLE = YES;
				IPHONEOS_DEPLOYMENT_TARGET = 17.0;
				LOCALIZATION_PREFERS_STRING_CATALOGS = YES;
				MTL_ENABLE_DEBUG_INFO = INCLUDE_SOURCE;
				MTL_FAST_MATH = YES;
				ONLY_ACTIVE_ARCH = YES;
				SDKROOT = iphoneos;
				SWIFT_ACTIVE_COMPILATION_CONDITIONS = "DEBUG $(inherited)";
				SWIFT_OPTIMIZATION_LEVEL = "-Onone";
			};
			name = Debug;
		};
		5DE853CF2B146F420004750C /* Release */ = {
			isa = XCBuildConfiguration;
			buildSettings = {
				ALWAYS_SEARCH_USER_PATHS = NO;
				ASSETCATALOG_COMPILER_GENERATE_SWIFT_ASSET_SYMBOL_EXTENSIONS = YES;
				CLANG_ANALYZER_NONNULL = YES;
				CLANG_ANALYZER_NUMBER_OBJECT_CONVERSION = YES_AGGRESSIVE;
				CLANG_CXX_LANGUAGE_STANDARD = "gnu++20";
				CLANG_ENABLE_MODULES = YES;
				CLANG_ENABLE_OBJC_ARC = YES;
				CLANG_ENABLE_OBJC_WEAK = YES;
				CLANG_WARN_BLOCK_CAPTURE_AUTORELEASING = YES;
				CLANG_WARN_BOOL_CONVERSION = YES;
				CLANG_WARN_COMMA = YES;
				CLANG_WARN_CONSTANT_CONVERSION = YES;
				CLANG_WARN_DEPRECATED_OBJC_IMPLEMENTATIONS = YES;
				CLANG_WARN_DIRECT_OBJC_ISA_USAGE = YES_ERROR;
				CLANG_WARN_DOCUMENTATION_COMMENTS = YES;
				CLANG_WARN_EMPTY_BODY = YES;
				CLANG_WARN_ENUM_CONVERSION = YES;
				CLANG_WARN_INFINITE_RECURSION = YES;
				CLANG_WARN_INT_CONVERSION = YES;
				CLANG_WARN_NON_LITERAL_NULL_CONVERSION = YES;
				CLANG_WARN_OBJC_IMPLICIT_RETAIN_SELF = YES;
				CLANG_WARN_OBJC_LITERAL_CONVERSION = YES;
				CLANG_WARN_OBJC_ROOT_CLASS = YES_ERROR;
				CLANG_WARN_QUOTED_INCLUDE_IN_FRAMEWORK_HEADER = YES;
				CLANG_WARN_RANGE_LOOP_ANALYSIS = YES;
				CLANG_WARN_STRICT_PROTOTYPES = YES;
				CLANG_WARN_SUSPICIOUS_MOVE = YES;
				CLANG_WARN_UNGUARDED_AVAILABILITY = YES_AGGRESSIVE;
				CLANG_WARN_UNREACHABLE_CODE = YES;
				CLANG_WARN__DUPLICATE_METHOD_MATCH = YES;
				COPY_PHASE_STRIP = NO;
				DEBUG_INFORMATION_FORMAT = "dwarf-with-dsym";
				ENABLE_NS_ASSERTIONS = NO;
				ENABLE_STRICT_OBJC_MSGSEND = YES;
				ENABLE_USER_SCRIPT_SANDBOXING = YES;
				GCC_C_LANGUAGE_STANDARD = gnu17;
				GCC_NO_COMMON_BLOCKS = YES;
				GCC_WARN_64_TO_32_BIT_CONVERSION = YES;
				GCC_WARN_ABOUT_RETURN_TYPE = YES_ERROR;
				GCC_WARN_UNDECLARED_SELECTOR = YES;
				GCC_WARN_UNINITIALIZED_AUTOS = YES_AGGRESSIVE;
				GCC_WARN_UNUSED_FUNCTION = YES;
				GCC_WARN_UNUSED_VARIABLE = YES;
				IPHONEOS_DEPLOYMENT_TARGET = 17.0;
				LOCALIZATION_PREFERS_STRING_CATALOGS = YES;
				MTL_ENABLE_DEBUG_INFO = NO;
				MTL_FAST_MATH = YES;
				SDKROOT = iphoneos;
				SWIFT_COMPILATION_MODE = wholemodule;
				VALIDATE_PRODUCT = YES;
			};
			name = Release;
		};
		5DE853D12B146F420004750C /* Debug */ = {
			isa = XCBuildConfiguration;
			buildSettings = {
				ASSETCATALOG_COMPILER_APPICON_NAME = AppIcon;
				ASSETCATALOG_COMPILER_GLOBAL_ACCENT_COLOR_NAME = AccentColor;
				CODE_SIGN_STYLE = Automatic;
				CURRENT_PROJECT_VERSION = 1;
				DEVELOPMENT_TEAM = 57BQS6GUN5;
				GENERATE_INFOPLIST_FILE = YES;
				INFOPLIST_FILE = "Tracker/Supporting Files/Info.plist";
				INFOPLIST_KEY_UIApplicationSupportsIndirectInputEvents = YES;
				INFOPLIST_KEY_UILaunchStoryboardName = LaunchScreen;
				INFOPLIST_KEY_UISupportedInterfaceOrientations_iPhone = UIInterfaceOrientationPortrait;
				IPHONEOS_DEPLOYMENT_TARGET = 13.4;
				LD_RUNPATH_SEARCH_PATHS = (
					"$(inherited)",
					"@executable_path/Frameworks",
				);
				MARKETING_VERSION = 1.0;
				PRODUCT_BUNDLE_IDENTIFIER = ru.yandex.practicum.filton87.Tracker;
				PRODUCT_NAME = "$(TARGET_NAME)";
				SUPPORTED_PLATFORMS = "iphoneos iphonesimulator";
				SUPPORTS_MACCATALYST = NO;
				SWIFT_EMIT_LOC_STRINGS = YES;
				SWIFT_VERSION = 5.0;
				TARGETED_DEVICE_FAMILY = 1;
			};
			name = Debug;
		};
		5DE853D22B146F420004750C /* Release */ = {
			isa = XCBuildConfiguration;
			buildSettings = {
				ASSETCATALOG_COMPILER_APPICON_NAME = AppIcon;
				ASSETCATALOG_COMPILER_GLOBAL_ACCENT_COLOR_NAME = AccentColor;
				CODE_SIGN_STYLE = Automatic;
				CURRENT_PROJECT_VERSION = 1;
				DEVELOPMENT_TEAM = 57BQS6GUN5;
				GENERATE_INFOPLIST_FILE = YES;
				INFOPLIST_FILE = "Tracker/Supporting Files/Info.plist";
				INFOPLIST_KEY_UIApplicationSupportsIndirectInputEvents = YES;
				INFOPLIST_KEY_UILaunchStoryboardName = LaunchScreen;
				INFOPLIST_KEY_UISupportedInterfaceOrientations_iPhone = UIInterfaceOrientationPortrait;
				IPHONEOS_DEPLOYMENT_TARGET = 13.4;
				LD_RUNPATH_SEARCH_PATHS = (
					"$(inherited)",
					"@executable_path/Frameworks",
				);
				MARKETING_VERSION = 1.0;
				PRODUCT_BUNDLE_IDENTIFIER = ru.yandex.practicum.filton87.Tracker;
				PRODUCT_NAME = "$(TARGET_NAME)";
				SUPPORTED_PLATFORMS = "iphoneos iphonesimulator";
				SUPPORTS_MACCATALYST = NO;
				SWIFT_EMIT_LOC_STRINGS = YES;
				SWIFT_VERSION = 5.0;
				TARGETED_DEVICE_FAMILY = 1;
			};
			name = Release;
		};
/* End XCBuildConfiguration section */

/* Begin XCConfigurationList section */
		5DE853B72B146F400004750C /* Build configuration list for PBXProject "Tracker" */ = {
			isa = XCConfigurationList;
			buildConfigurations = (
				5DE853CE2B146F420004750C /* Debug */,
				5DE853CF2B146F420004750C /* Release */,
			);
			defaultConfigurationIsVisible = 0;
			defaultConfigurationName = Release;
		};
		5DE853D02B146F420004750C /* Build configuration list for PBXNativeTarget "Tracker" */ = {
			isa = XCConfigurationList;
			buildConfigurations = (
				5DE853D12B146F420004750C /* Debug */,
				5DE853D22B146F420004750C /* Release */,
			);
			defaultConfigurationIsVisible = 0;
			defaultConfigurationName = Release;
		};
/* End XCConfigurationList section */

/* Begin XCVersionGroup section */
		5D89B5602BC1405500EC3B6D /* Tracker.xcdatamodeld */ = {
			isa = XCVersionGroup;
			children = (
				5D89B5612BC1405500EC3B6D /* Tracker.xcdatamodel */,
			);
			currentVersion = 5D89B5612BC1405500EC3B6D /* Tracker.xcdatamodel */;
			name = Tracker.xcdatamodeld;
			path = "/Users/antonfilipchuk/Documents/Swift_test/14 спринт/Tracker/Tracker/CoreData/Tracker.xcdatamodeld";
			sourceTree = "<group>";
			versionGroupType = wrapper.xcdatamodel;
		};
/* End XCVersionGroup section */
	};
	rootObject = 5DE853B42B146F400004750C /* Project object */;
}
